{
  "name": "test-currency-converter",
  "version": "1.0.0",
  "lockfileVersion": 3,
  "requires": true,
  "packages": {
    "": {
      "name": "test-currency-converter",
      "version": "1.0.0",
      "license": "ISC"
    },
    "../abhay-currency-converter": {
      "version": "1.0.0",
      "extraneous": true,
      "license": "ISC",
      "dependencies": {
        "@everapi/freecurrencyapi-js": "^1.0.1"
      }
    }
  }
}
